
Microsoft Visual Studio Solution File, Format Version 12.00
# Visual Studio Version 17
VisualStudioVersion = 17.12.35309.182
MinimumVisualStudioVersion = 10.0.40219.1
Project("{FAE04EC0-301F-11D3-BF4B-00C04F79EFBC}") = "ZiYueBot", "ZiYueBot\ZiYueBot.csproj", "{314DE61E-6F78-422E-8ECF-90279C760384}"
EndProject
Global
	GlobalSection(SolutionConfigurationPlatforms) = preSolution
		Debug|Any CPU = Debug|Any CPU
		Release|Any CPU = Release|Any CPU
	EndGlobalSection
	GlobalSection(ProjectConfigurationPlatforms) = postSolution
		{314DE61E-6F78-422E-8ECF-90279C760384}.Debug|Any CPU.ActiveCfg = Debug|Any CPU
		{314DE61E-6F78-422E-8ECF-90279C760384}.Debug|Any CPU.Build.0 = Debug|Any CPU
		{314DE61E-6F78-422E-8ECF-90279C760384}.Release|Any CPU.ActiveCfg = Release|Any CPU
		{314DE61E-6F78-422E-8ECF-90279C760384}.Release|Any CPU.Build.0 = Release|Any CPU
	EndGlobalSection
	GlobalSection(SolutionProperties) = preSolution
		HideSolutionNode = FALSE
	EndGlobalSection
	GlobalSection(ExtensibilityGlobals) = postSolution
		SolutionGuid = {7C808E1B-3932-4207-BE3C-128F4CFAB331}
	EndGlobalSection
EndGlobal
